
Microsoft Visual Studio Solution File, Format Version 12.00
# Visual Studio Version 17
VisualStudioVersion = 17.5.33530.505
MinimumVisualStudioVersion = 10.0.40219.1
Project("{FAE04EC0-301F-11D3-BF4B-00C04F79EFBC}") = "MandelbrotVisualizer", "MandelbrotVisualizer\MandelbrotVisualizer.csproj", "{F3C6D333-609E-48F8-8A25-39DF1105005E}"
EndProject
Global
	GlobalSection(SolutionConfigurationPlatforms) = preSolution
		Debug|Any CPU = Debug|Any CPU
		Release|Any CPU = Release|Any CPU
	EndGlobalSection
	GlobalSection(ProjectConfigurationPlatforms) = postSolution
		{F3C6D333-609E-48F8-8A25-39DF1105005E}.Debug|Any CPU.ActiveCfg = Debug|Any CPU
		{F3C6D333-609E-48F8-8A25-39DF1105005E}.Debug|Any CPU.Build.0 = Debug|Any CPU
		{F3C6D333-609E-48F8-8A25-39DF1105005E}.Release|Any CPU.ActiveCfg = Release|Any CPU
		{F3C6D333-609E-48F8-8A25-39DF1105005E}.Release|Any CPU.Build.0 = Release|Any CPU
	EndGlobalSection
	GlobalSection(SolutionProperties) = preSolution
		HideSolutionNode = FALSE
	EndGlobalSection
	GlobalSection(ExtensibilityGlobals) = postSolution
		SolutionGuid = {BDAF685F-6D26-4CA0-A887-80530989DDD3}
	EndGlobalSection
EndGlobal
